
Microsoft Visual Studio Solution File, Format Version 12.00
# Visual Studio Version 17
VisualStudioVersion = 17.11.35431.28
MinimumVisualStudioVersion = 10.0.40219.1
Project("{8BC9CEB8-8B4A-11D0-8D11-00A0C91BC942}") = "AdventOfCodeWhippet", "AdventOfCodeWhippet.vcxproj", "{012988AB-74A9-4B45-9D5A-053F5661CFE2}"
	ProjectSection(ProjectDependencies) = postProject
		{56736BE7-5DF3-41C4-9F7C-FE273D990E23} = {56736BE7-5DF3-41C4-9F7C-FE273D990E23}
		{EE1B53CF-831E-406D-92E1-F13B73F8C2DC} = {EE1B53CF-831E-406D-92E1-F13B73F8C2DC}
		{FFD7E538-F954-4555-A749-7A1FEBEF6EA7} = {FFD7E538-F954-4555-A749-7A1FEBEF6EA7}
	EndProjectSection
EndProject
Project("{8BC9CEB8-8B4A-11D0-8D11-00A0C91BC942}") = "Utilities", "Utilities\Utilities.vcxproj", "{56736BE7-5DF3-41C4-9F7C-FE273D990E23}"
EndProject
Project("{8BC9CEB8-8B4A-11D0-8D11-00A0C91BC942}") = "AoC2015", "AoC2015\AoC2015.vcxproj", "{FFD7E538-F954-4555-A749-7A1FEBEF6EA7}"
	ProjectSection(ProjectDependencies) = postProject
		{56736BE7-5DF3-41C4-9F7C-FE273D990E23} = {56736BE7-5DF3-41C4-9F7C-FE273D990E23}
	EndProjectSection
EndProject
Project("{8BC9CEB8-8B4A-11D0-8D11-00A0C91BC942}") = "AoC2016", "AoC2016\AoC2016.vcxproj", "{404C6960-3A27-4213-91B1-66FB3665A28B}"
EndProject
Project("{8BC9CEB8-8B4A-11D0-8D11-00A0C91BC942}") = "AoC2017", "AoC2017\AoC2017.vcxproj", "{6CFBF739-8047-41FF-BA15-A37B47EC052B}"
EndProject
Project("{8BC9CEB8-8B4A-11D0-8D11-00A0C91BC942}") = "AoC2018", "AoC2018\AoC2018.vcxproj", "{6D2ED672-E2A0-46E0-8E53-206C132EBC52}"
EndProject
Project("{8BC9CEB8-8B4A-11D0-8D11-00A0C91BC942}") = "AoC2019", "AoC2019\AoC2019.vcxproj", "{EE1B53CF-831E-406D-92E1-F13B73F8C2DC}"
EndProject
Project("{8BC9CEB8-8B4A-11D0-8D11-00A0C91BC942}") = "AoC2020", "AoC2020\AoC2020.vcxproj", "{96AE5302-2A66-47C2-BF3E-B3D789AAD872}"
EndProject
Project("{8BC9CEB8-8B4A-11D0-8D11-00A0C91BC942}") = "AoC2021", "AoC2021\AoC2021.vcxproj", "{0B95CDA0-16C2-476B-B77B-189567ADF31A}"
EndProject
Project("{8BC9CEB8-8B4A-11D0-8D11-00A0C91BC942}") = "AoC2023", "AoC2023\AoC2023.vcxproj", "{6D7CEE74-D587-4E3B-909F-EE454AC2CAD6}"
EndProject
Project("{8BC9CEB8-8B4A-11D0-8D11-00A0C91BC942}") = "AoC2024", "AoC2024\AoC2024.vcxproj", "{23864333-F2D2-45BA-BBA7-747C726ABA0B}"
EndProject
Project("{8BC9CEB8-8B4A-11D0-8D11-00A0C91BC942}") = "AoC2025", "AoC2025\AoC2025.vcxproj", "{9A23EA26-FB4D-42E7-9A98-4EE45B126C6F}"
EndProject
Project("{8BC9CEB8-8B4A-11D0-8D11-00A0C91BC942}") = "AoC2022", "AoC2022\AoC2022.vcxproj", "{7A10E5B7-60E2-4610-8893-963AF5FA83D7}"
EndProject
Global
	GlobalSection(SolutionConfigurationPlatforms) = preSolution
		Debug|x64 = Debug|x64
		Release|x64 = Release|x64
	EndGlobalSection
	GlobalSection(ProjectConfigurationPlatforms) = postSolution
		{012988AB-74A9-4B45-9D5A-053F5661CFE2}.Debug|x64.ActiveCfg = Debug|x64
		{012988AB-74A9-4B45-9D5A-053F5661CFE2}.Debug|x64.Build.0 = Debug|x64
		{012988AB-74A9-4B45-9D5A-053F5661CFE2}.Release|x64.ActiveCfg = Release|x64
		{012988AB-74A9-4B45-9D5A-053F5661CFE2}.Release|x64.Build.0 = Release|x64
		{56736BE7-5DF3-41C4-9F7C-FE273D990E23}.Debug|x64.ActiveCfg = Debug|x64
		{56736BE7-5DF3-41C4-9F7C-FE273D990E23}.Debug|x64.Build.0 = Debug|x64
		{56736BE7-5DF3-41C4-9F7C-FE273D990E23}.Release|x64.ActiveCfg = Release|x64
		{56736BE7-5DF3-41C4-9F7C-FE273D990E23}.Release|x64.Build.0 = Release|x64
		{FFD7E538-F954-4555-A749-7A1FEBEF6EA7}.Debug|x64.ActiveCfg = Debug|x64
		{FFD7E538-F954-4555-A749-7A1FEBEF6EA7}.Debug|x64.Build.0 = Debug|x64
		{FFD7E538-F954-4555-A749-7A1FEBEF6EA7}.Release|x64.ActiveCfg = Release|x64
		{FFD7E538-F954-4555-A749-7A1FEBEF6EA7}.Release|x64.Build.0 = Release|x64
		{404C6960-3A27-4213-91B1-66FB3665A28B}.Debug|x64.ActiveCfg = Debug|x64
		{404C6960-3A27-4213-91B1-66FB3665A28B}.Debug|x64.Build.0 = Debug|x64
		{404C6960-3A27-4213-91B1-66FB3665A28B}.Release|x64.ActiveCfg = Release|x64
		{404C6960-3A27-4213-91B1-66FB3665A28B}.Release|x64.Build.0 = Release|x64
		{6CFBF739-8047-41FF-BA15-A37B47EC052B}.Debug|x64.ActiveCfg = Debug|x64
		{6CFBF739-8047-41FF-BA15-A37B47EC052B}.Debug|x64.Build.0 = Debug|x64
		{6CFBF739-8047-41FF-BA15-A37B47EC052B}.Release|x64.ActiveCfg = Release|x64
		{6CFBF739-8047-41FF-BA15-A37B47EC052B}.Release|x64.Build.0 = Release|x64
		{6D2ED672-E2A0-46E0-8E53-206C132EBC52}.Debug|x64.ActiveCfg = Debug|x64
		{6D2ED672-E2A0-46E0-8E53-206C132EBC52}.Debug|x64.Build.0 = Debug|x64
		{6D2ED672-E2A0-46E0-8E53-206C132EBC52}.Release|x64.ActiveCfg = Release|x64
		{6D2ED672-E2A0-46E0-8E53-206C132EBC52}.Release|x64.Build.0 = Release|x64
		{EE1B53CF-831E-406D-92E1-F13B73F8C2DC}.Debug|x64.ActiveCfg = Debug|x64
		{EE1B53CF-831E-406D-92E1-F13B73F8C2DC}.Debug|x64.Build.0 = Debug|x64
		{EE1B53CF-831E-406D-92E1-F13B73F8C2DC}.Release|x64.ActiveCfg = Release|x64
		{EE1B53CF-831E-406D-92E1-F13B73F8C2DC}.Release|x64.Build.0 = Release|x64
		{96AE5302-2A66-47C2-BF3E-B3D789AAD872}.Debug|x64.ActiveCfg = Debug|x64
		{96AE5302-2A66-47C2-BF3E-B3D789AAD872}.Debug|x64.Build.0 = Debug|x64
		{96AE5302-2A66-47C2-BF3E-B3D789AAD872}.Release|x64.ActiveCfg = Release|x64
		{96AE5302-2A66-47C2-BF3E-B3D789AAD872}.Release|x64.Build.0 = Release|x64
		{0B95CDA0-16C2-476B-B77B-189567ADF31A}.Debug|x64.ActiveCfg = Debug|x64
		{0B95CDA0-16C2-476B-B77B-189567ADF31A}.Debug|x64.Build.0 = Debug|x64
		{0B95CDA0-16C2-476B-B77B-189567ADF31A}.Release|x64.ActiveCfg = Release|x64
		{0B95CDA0-16C2-476B-B77B-189567ADF31A}.Release|x64.Build.0 = Release|x64
		{6D7CEE74-D587-4E3B-909F-EE454AC2CAD6}.Debug|x64.ActiveCfg = Debug|x64
		{6D7CEE74-D587-4E3B-909F-EE454AC2CAD6}.Debug|x64.Build.0 = Debug|x64
		{6D7CEE74-D587-4E3B-909F-EE454AC2CAD6}.Release|x64.ActiveCfg = Release|x64
		{6D7CEE74-D587-4E3B-909F-EE454AC2CAD6}.Release|x64.Build.0 = Release|x64
		{23864333-F2D2-45BA-BBA7-747C726ABA0B}.Debug|x64.ActiveCfg = Debug|x64
		{23864333-F2D2-45BA-BBA7-747C726ABA0B}.Debug|x64.Build.0 = Debug|x64
		{23864333-F2D2-45BA-BBA7-747C726ABA0B}.Release|x64.ActiveCfg = Release|x64
		{23864333-F2D2-45BA-BBA7-747C726ABA0B}.Release|x64.Build.0 = Release|x64
		{9A23EA26-FB4D-42E7-9A98-4EE45B126C6F}.Debug|x64.ActiveCfg = Debug|x64
		{9A23EA26-FB4D-42E7-9A98-4EE45B126C6F}.Debug|x64.Build.0 = Debug|x64
		{9A23EA26-FB4D-42E7-9A98-4EE45B126C6F}.Release|x64.ActiveCfg = Release|x64
		{9A23EA26-FB4D-42E7-9A98-4EE45B126C6F}.Release|x64.Build.0 = Release|x64
		{7A10E5B7-60E2-4610-8893-963AF5FA83D7}.Debug|x64.ActiveCfg = Debug|x64
		{7A10E5B7-60E2-4610-8893-963AF5FA83D7}.Debug|x64.Build.0 = Debug|x64
		{7A10E5B7-60E2-4610-8893-963AF5FA83D7}.Release|x64.ActiveCfg = Release|x64
		{7A10E5B7-60E2-4610-8893-963AF5FA83D7}.Release|x64.Build.0 = Release|x64
	EndGlobalSection
	GlobalSection(SolutionProperties) = preSolution
		HideSolutionNode = FALSE
	EndGlobalSection
	GlobalSection(ExtensibilityGlobals) = postSolution
		SolutionGuid = {23FF597C-8CAF-44D7-9E5B-07980D3606FE}
	EndGlobalSection
EndGlobal
